// !$*UTF8*$!
{
	archiveVersion = 1;
	classes = {
	};
	objectVersion = 56;
	objects = {

/* Begin PBXBuildFile section */
		3816A25F2A2F6C8C0037894B /* RowUserText.swift in Sources */ = {isa = PBXBuildFile; fileRef = 3816A25E2A2F6C8C0037894B /* RowUserText.swift */; };
		382514362A2E77FC0021A242 /* SpeerTechAssessmentApp.swift in Sources */ = {isa = PBXBuildFile; fileRef = 382514352A2E77FC0021A242 /* SpeerTechAssessmentApp.swift */; };
		382514382A2E77FC0021A242 /* UserView.swift in Sources */ = {isa = PBXBuildFile; fileRef = 382514372A2E77FC0021A242 /* UserView.swift */; };
		3825143A2A2E77FD0021A242 /* Assets.xcassets in Resources */ = {isa = PBXBuildFile; fileRef = 382514392A2E77FD0021A242 /* Assets.xcassets */; };
		3825143D2A2E77FD0021A242 /* Preview Assets.xcassets in Resources */ = {isa = PBXBuildFile; fileRef = 3825143C2A2E77FD0021A242 /* Preview Assets.xcassets */; };
		382514492A2E78D00021A242 /* BaseView.swift in Sources */ = {isa = PBXBuildFile; fileRef = 382514482A2E78D00021A242 /* BaseView.swift */; };
		3825144F2A2E7A980021A242 /* NetworkManager.swift in Sources */ = {isa = PBXBuildFile; fileRef = 3825144E2A2E7A980021A242 /* NetworkManager.swift */; };
		382514522A2E7DF60021A242 /* GitHubUserResponse.swift in Sources */ = {isa = PBXBuildFile; fileRef = 382514512A2E7DF60021A242 /* GitHubUserResponse.swift */; };
		382514542A2E7E490021A242 /* UserViewModel.swift in Sources */ = {isa = PBXBuildFile; fileRef = 382514532A2E7E490021A242 /* UserViewModel.swift */; };
		382514582A2E903C0021A242 /* ListUsersView.swift in Sources */ = {isa = PBXBuildFile; fileRef = 382514572A2E903C0021A242 /* ListUsersView.swift */; };
		3825145A2A2E967C0021A242 /* ListUsersViewModel.swift in Sources */ = {isa = PBXBuildFile; fileRef = 382514592A2E967C0021A242 /* ListUsersViewModel.swift */; };
/* End PBXBuildFile section */

/* Begin PBXFileReference section */
		3816A25E2A2F6C8C0037894B /* RowUserText.swift */ = {isa = PBXFileReference; lastKnownFileType = sourcecode.swift; path = RowUserText.swift; sourceTree = "<group>"; };
		382514322A2E77FC0021A242 /* SpeerTechAssessment.app */ = {isa = PBXFileReference; explicitFileType = wrapper.application; includeInIndex = 0; path = SpeerTechAssessment.app; sourceTree = BUILT_PRODUCTS_DIR; };
		382514352A2E77FC0021A242 /* SpeerTechAssessmentApp.swift */ = {isa = PBXFileReference; lastKnownFileType = sourcecode.swift; path = SpeerTechAssessmentApp.swift; sourceTree = "<group>"; };
		382514372A2E77FC0021A242 /* UserView.swift */ = {isa = PBXFileReference; lastKnownFileType = sourcecode.swift; path = UserView.swift; sourceTree = "<group>"; };
		382514392A2E77FD0021A242 /* Assets.xcassets */ = {isa = PBXFileReference; lastKnownFileType = folder.assetcatalog; path = Assets.xcassets; sourceTree = "<group>"; };
		3825143C2A2E77FD0021A242 /* Preview Assets.xcassets */ = {isa = PBXFileReference; lastKnownFileType = folder.assetcatalog; path = "Preview Assets.xcassets"; sourceTree = "<group>"; };
		382514482A2E78D00021A242 /* BaseView.swift */ = {isa = PBXFileReference; lastKnownFileType = sourcecode.swift; path = BaseView.swift; sourceTree = "<group>"; };
		3825144E2A2E7A980021A242 /* NetworkManager.swift */ = {isa = PBXFileReference; lastKnownFileType = sourcecode.swift; path = NetworkManager.swift; sourceTree = "<group>"; };
		382514512A2E7DF60021A242 /* GitHubUserResponse.swift */ = {isa = PBXFileReference; lastKnownFileType = sourcecode.swift; path = GitHubUserResponse.swift; sourceTree = "<group>"; };
		382514532A2E7E490021A242 /* UserViewModel.swift */ = {isa = PBXFileReference; lastKnownFileType = sourcecode.swift; path = UserViewModel.swift; sourceTree = "<group>"; };
		382514572A2E903C0021A242 /* ListUsersView.swift */ = {isa = PBXFileReference; lastKnownFileType = sourcecode.swift; path = ListUsersView.swift; sourceTree = "<group>"; };
		382514592A2E967C0021A242 /* ListUsersViewModel.swift */ = {isa = PBXFileReference; lastKnownFileType = sourcecode.swift; path = ListUsersViewModel.swift; sourceTree = "<group>"; };
/* End PBXFileReference section */

/* Begin PBXFrameworksBuildPhase section */
		3825142F2A2E77FC0021A242 /* Frameworks */ = {
			isa = PBXFrameworksBuildPhase;
			buildActionMask = 2147483647;
			files = (
			);
			runOnlyForDeploymentPostprocessing = 0;
		};
/* End PBXFrameworksBuildPhase section */

/* Begin PBXGroup section */
		3816A25D2A2F6C6D0037894B /* UI */ = {
			isa = PBXGroup;
			children = (
				3816A25E2A2F6C8C0037894B /* RowUserText.swift */,
			);
			path = UI;
			sourceTree = "<group>";
		};
		382514292A2E77FC0021A242 = {
			isa = PBXGroup;
			children = (
				382514342A2E77FC0021A242 /* SpeerTechAssessment */,
				382514332A2E77FC0021A242 /* Products */,
			);
			sourceTree = "<group>";
		};
		382514332A2E77FC0021A242 /* Products */ = {
			isa = PBXGroup;
			children = (
				382514322A2E77FC0021A242 /* SpeerTechAssessment.app */,
			);
			name = Products;
			sourceTree = "<group>";
		};
		382514342A2E77FC0021A242 /* SpeerTechAssessment */ = {
			isa = PBXGroup;
			children = (
				3825144A2A2E792A0021A242 /* Utils */,
				382514432A2E781E0021A242 /* Model */,
				382514442A2E78270021A242 /* View */,
				382514472A2E78400021A242 /* ViewModel */,
				382514352A2E77FC0021A242 /* SpeerTechAssessmentApp.swift */,
				382514392A2E77FD0021A242 /* Assets.xcassets */,
				3825143B2A2E77FD0021A242 /* Preview Content */,
			);
			path = SpeerTechAssessment;
			sourceTree = "<group>";
		};
		3825143B2A2E77FD0021A242 /* Preview Content */ = {
			isa = PBXGroup;
			children = (
				3825143C2A2E77FD0021A242 /* Preview Assets.xcassets */,
			);
			path = "Preview Content";
			sourceTree = "<group>";
		};
		382514432A2E781E0021A242 /* Model */ = {
			isa = PBXGroup;
			children = (
				382514502A2E7DBE0021A242 /* Response */,
			);
			path = Model;
			sourceTree = "<group>";
		};
		382514442A2E78270021A242 /* View */ = {
			isa = PBXGroup;
			children = (
				382514372A2E77FC0021A242 /* UserView.swift */,
				382514482A2E78D00021A242 /* BaseView.swift */,
				382514572A2E903C0021A242 /* ListUsersView.swift */,
			);
			path = View;
			sourceTree = "<group>";
		};
		382514472A2E78400021A242 /* ViewModel */ = {
			isa = PBXGroup;
			children = (
				382514532A2E7E490021A242 /* UserViewModel.swift */,
				382514592A2E967C0021A242 /* ListUsersViewModel.swift */,
			);
			path = ViewModel;
			sourceTree = "<group>";
		};
		3825144A2A2E792A0021A242 /* Utils */ = {
			isa = PBXGroup;
			children = (
				3816A25D2A2F6C6D0037894B /* UI */,
				3825144D2A2E7A7B0021A242 /* Networking */,
			);
			path = Utils;
			sourceTree = "<group>";
		};
		3825144D2A2E7A7B0021A242 /* Networking */ = {
			isa = PBXGroup;
			children = (
				3825144E2A2E7A980021A242 /* NetworkManager.swift */,
			);
			path = Networking;
			sourceTree = "<group>";
		};
		382514502A2E7DBE0021A242 /* Response */ = {
			isa = PBXGroup;
			children = (
				382514512A2E7DF60021A242 /* GitHubUserResponse.swift */,
			);
			path = Response;
			sourceTree = "<group>";
		};
/* End PBXGroup section */

/* Begin PBXNativeTarget section */
		382514312A2E77FC0021A242 /* SpeerTechAssessment */ = {
			isa = PBXNativeTarget;
			buildConfigurationList = 382514402A2E77FD0021A242 /* Build configuration list for PBXNativeTarget "SpeerTechAssessment" */;
			buildPhases = (
				3825142E2A2E77FC0021A242 /* Sources */,
				3825142F2A2E77FC0021A242 /* Frameworks */,
				382514302A2E77FC0021A242 /* Resources */,
			);
			buildRules = (
			);
			dependencies = (
			);
			name = SpeerTechAssessment;
			productName = SpeerTechAssessment;
			productReference = 382514322A2E77FC0021A242 /* SpeerTechAssessment.app */;
			productType = "com.apple.product-type.application";
		};
/* End PBXNativeTarget section */

/* Begin PBXProject section */
		3825142A2A2E77FC0021A242 /* Project object */ = {
			isa = PBXProject;
			attributes = {
				BuildIndependentTargetsInParallel = 1;
				LastSwiftUpdateCheck = 1430;
				LastUpgradeCheck = 1430;
				TargetAttributes = {
					382514312A2E77FC0021A242 = {
						CreatedOnToolsVersion = 14.3;
					};
				};
			};
			buildConfigurationList = 3825142D2A2E77FC0021A242 /* Build configuration list for PBXProject "SpeerTechAssessment" */;
			compatibilityVersion = "Xcode 14.0";
			developmentRegion = en;
			hasScannedForEncodings = 0;
			knownRegions = (
				en,
				Base,
			);
			mainGroup = 382514292A2E77FC0021A242;
			productRefGroup = 382514332A2E77FC0021A242 /* Products */;
			projectDirPath = "";
			projectRoot = "";
			targets = (
				382514312A2E77FC0021A242 /* SpeerTechAssessment */,
			);
		};
/* End PBXProject section */

/* Begin PBXResourcesBuildPhase section */
		382514302A2E77FC0021A242 /* Resources */ = {
			isa = PBXResourcesBuildPhase;
			buildActionMask = 2147483647;
			files = (
				3825143D2A2E77FD0021A242 /* Preview Assets.xcassets in Resources */,
				3825143A2A2E77FD0021A242 /* Assets.xcassets in Resources */,
			);
			runOnlyForDeploymentPostprocessing = 0;
		};
/* End PBXResourcesBuildPhase section */

/* Begin PBXSourcesBuildPhase section */
		3825142E2A2E77FC0021A242 /* Sources */ = {
			isa = PBXSourcesBuildPhase;
			buildActionMask = 2147483647;
			files = (
				3825145A2A2E967C0021A242 /* ListUsersViewModel.swift in Sources */,
				382514492A2E78D00021A242 /* BaseView.swift in Sources */,
				382514382A2E77FC0021A242 /* UserView.swift in Sources */,
				382514542A2E7E490021A242 /* UserViewModel.swift in Sources */,
				3816A25F2A2F6C8C0037894B /* RowUserText.swift in Sources */,
				382514522A2E7DF60021A242 /* GitHubUserResponse.swift in Sources */,
				3825144F2A2E7A980021A242 /* NetworkManager.swift in Sources */,
				382514362A2E77FC0021A242 /* SpeerTechAssessmentApp.swift in Sources */,
				382514582A2E903C0021A242 /* ListUsersView.swift in Sources */,
			);
			runOnlyForDeploymentPostprocessing = 0;
		};
/* End PBXSourcesBuildPhase section */

/* Begin XCBuildConfiguration section */
		3825143E2A2E77FD0021A242 /* Debug */ = {
			isa = XCBuildConfiguration;
			buildSettings = {
				ALWAYS_SEARCH_USER_PATHS = NO;
				CLANG_ANALYZER_NONNULL = YES;
				CLANG_ANALYZER_NUMBER_OBJECT_CONVERSION = YES_AGGRESSIVE;
				CLANG_CXX_LANGUAGE_STANDARD = "gnu++20";
				CLANG_ENABLE_MODULES = YES;
				CLANG_ENABLE_OBJC_ARC = YES;
				CLANG_ENABLE_OBJC_WEAK = YES;
				CLANG_WARN_BLOCK_CAPTURE_AUTORELEASING = YES;
				CLANG_WARN_BOOL_CONVERSION = YES;
				CLANG_WARN_COMMA = YES;
				CLANG_WARN_CONSTANT_CONVERSION = YES;
				CLANG_WARN_DEPRECATED_OBJC_IMPLEMENTATIONS = YES;
				CLANG_WARN_DIRECT_OBJC_ISA_USAGE = YES_ERROR;
				CLANG_WARN_DOCUMENTATION_COMMENTS = YES;
				CLANG_WARN_EMPTY_BODY = YES;
				CLANG_WARN_ENUM_CONVERSION = YES;
				CLANG_WARN_INFINITE_RECURSION = YES;
				CLANG_WARN_INT_CONVERSION = YES;
				CLANG_WARN_NON_LITERAL_NULL_CONVERSION = YES;
				CLANG_WARN_OBJC_IMPLICIT_RETAIN_SELF = YES;
				CLANG_WARN_OBJC_LITERAL_CONVERSION = YES;
				CLANG_WARN_OBJC_ROOT_CLASS = YES_ERROR;
				CLANG_WARN_QUOTED_INCLUDE_IN_FRAMEWORK_HEADER = YES;
				CLANG_WARN_RANGE_LOOP_ANALYSIS = YES;
				CLANG_WARN_STRICT_PROTOTYPES = YES;
				CLANG_WARN_SUSPICIOUS_MOVE = YES;
				CLANG_WARN_UNGUARDED_AVAILABILITY = YES_AGGRESSIVE;
				CLANG_WARN_UNREACHABLE_CODE = YES;
				CLANG_WARN__DUPLICATE_METHOD_MATCH = YES;
				COPY_PHASE_STRIP = NO;
				DEBUG_INFORMATION_FORMAT = dwarf;
				ENABLE_STRICT_OBJC_MSGSEND = YES;
				ENABLE_TESTABILITY = YES;
				GCC_C_LANGUAGE_STANDARD = gnu11;
				GCC_DYNAMIC_NO_PIC = NO;
				GCC_NO_COMMON_BLOCKS = YES;
				GCC_OPTIMIZATION_LEVEL = 0;
				GCC_PREPROCESSOR_DEFINITIONS = (
					"DEBUG=1",
					"$(inherited)",
				);
				GCC_WARN_64_TO_32_BIT_CONVERSION = YES;
				GCC_WARN_ABOUT_RETURN_TYPE = YES_ERROR;
				GCC_WARN_UNDECLARED_SELECTOR = YES;
				GCC_WARN_UNINITIALIZED_AUTOS = YES_AGGRESSIVE;
				GCC_WARN_UNUSED_FUNCTION = YES;
				GCC_WARN_UNUSED_VARIABLE = YES;
				IPHONEOS_DEPLOYMENT_TARGET = 16.4;
				MTL_ENABLE_DEBUG_INFO = INCLUDE_SOURCE;
				MTL_FAST_MATH = YES;
				ONLY_ACTIVE_ARCH = YES;
				SDKROOT = iphoneos;
				SWIFT_ACTIVE_COMPILATION_CONDITIONS = DEBUG;
				SWIFT_OPTIMIZATION_LEVEL = "-Onone";
			};
			name = Debug;
		};
		3825143F2A2E77FD0021A242 /* Release */ = {
			isa = XCBuildConfiguration;
			buildSettings = {
				ALWAYS_SEARCH_USER_PATHS = NO;
				CLANG_ANALYZER_NONNULL = YES;
				CLANG_ANALYZER_NUMBER_OBJECT_CONVERSION = YES_AGGRESSIVE;
				CLANG_CXX_LANGUAGE_STANDARD = "gnu++20";
				CLANG_ENABLE_MODULES = YES;
				CLANG_ENABLE_OBJC_ARC = YES;
				CLANG_ENABLE_OBJC_WEAK = YES;
				CLANG_WARN_BLOCK_CAPTURE_AUTORELEASING = YES;
				CLANG_WARN_BOOL_CONVERSION = YES;
				CLANG_WARN_COMMA = YES;
				CLANG_WARN_CONSTANT_CONVERSION = YES;
				CLANG_WARN_DEPRECATED_OBJC_IMPLEMENTATIONS = YES;
				CLANG_WARN_DIRECT_OBJC_ISA_USAGE = YES_ERROR;
				CLANG_WARN_DOCUMENTATION_COMMENTS = YES;
				CLANG_WARN_EMPTY_BODY = YES;
				CLANG_WARN_ENUM_CONVERSION = YES;
				CLANG_WARN_INFINITE_RECURSION = YES;
				CLANG_WARN_INT_CONVERSION = YES;
				CLANG_WARN_NON_LITERAL_NULL_CONVERSION = YES;
				CLANG_WARN_OBJC_IMPLICIT_RETAIN_SELF = YES;
				CLANG_WARN_OBJC_LITERAL_CONVERSION = YES;
				CLANG_WARN_OBJC_ROOT_CLASS = YES_ERROR;
				CLANG_WARN_QUOTED_INCLUDE_IN_FRAMEWORK_HEADER = YES;
				CLANG_WARN_RANGE_LOOP_ANALYSIS = YES;
				CLANG_WARN_STRICT_PROTOTYPES = YES;
				CLANG_WARN_SUSPICIOUS_MOVE = YES;
				CLANG_WARN_UNGUARDED_AVAILABILITY = YES_AGGRESSIVE;
				CLANG_WARN_UNREACHABLE_CODE = YES;
				CLANG_WARN__DUPLICATE_METHOD_MATCH = YES;
				COPY_PHASE_STRIP = NO;
				DEBUG_INFORMATION_FORMAT = "dwarf-with-dsym";
				ENABLE_NS_ASSERTIONS = NO;
				ENABLE_STRICT_OBJC_MSGSEND = YES;
				GCC_C_LANGUAGE_STANDARD = gnu11;
				GCC_NO_COMMON_BLOCKS = YES;
				GCC_WARN_64_TO_32_BIT_CONVERSION = YES;
				GCC_WARN_ABOUT_RETURN_TYPE = YES_ERROR;
				GCC_WARN_UNDECLARED_SELECTOR = YES;
				GCC_WARN_UNINITIALIZED_AUTOS = YES_AGGRESSIVE;
				GCC_WARN_UNUSED_FUNCTION = YES;
				GCC_WARN_UNUSED_VARIABLE = YES;
				IPHONEOS_DEPLOYMENT_TARGET = 16.4;
				MTL_ENABLE_DEBUG_INFO = NO;
				MTL_FAST_MATH = YES;
				SDKROOT = iphoneos;
				SWIFT_COMPILATION_MODE = wholemodule;
				SWIFT_OPTIMIZATION_LEVEL = "-O";
				VALIDATE_PRODUCT = YES;
			};
			name = Release;
		};
		382514412A2E77FD0021A242 /* Debug */ = {
			isa = XCBuildConfiguration;
			buildSettings = {
				ASSETCATALOG_COMPILER_APPICON_NAME = AppIcon;
				ASSETCATALOG_COMPILER_GLOBAL_ACCENT_COLOR_NAME = AccentColor;
				CODE_SIGN_STYLE = Automatic;
				CURRENT_PROJECT_VERSION = 1;
				DEVELOPMENT_ASSET_PATHS = "\"SpeerTechAssessment/Preview Content\"";
				ENABLE_PREVIEWS = YES;
				GENERATE_INFOPLIST_FILE = YES;
				INFOPLIST_KEY_UIApplicationSceneManifest_Generation = YES;
				INFOPLIST_KEY_UIApplicationSupportsIndirectInputEvents = YES;
				INFOPLIST_KEY_UILaunchScreen_Generation = YES;
				INFOPLIST_KEY_UISupportedInterfaceOrientations_iPad = "UIInterfaceOrientationPortrait UIInterfaceOrientationPortraitUpsideDown UIInterfaceOrientationLandscapeLeft UIInterfaceOrientationLandscapeRight";
				INFOPLIST_KEY_UISupportedInterfaceOrientations_iPhone = "UIInterfaceOrientationPortrait UIInterfaceOrientationLandscapeLeft UIInterfaceOrientationLandscapeRight";
				LD_RUNPATH_SEARCH_PATHS = (
					"$(inherited)",
					"@executable_path/Frameworks",
				);
				MARKETING_VERSION = 1.0;
				PRODUCT_BUNDLE_IDENTIFIER = test.SpeerTechAssessment;
				PRODUCT_NAME = "$(TARGET_NAME)";
				SWIFT_EMIT_LOC_STRINGS = YES;
				SWIFT_VERSION = 5.0;
				TARGETED_DEVICE_FAMILY = "1,2";
			};
			name = Debug;
		};
		382514422A2E77FD0021A242 /* Release */ = {
			isa = XCBuildConfiguration;
			buildSettings = {
				ASSETCATALOG_COMPILER_APPICON_NAME = AppIcon;
				ASSETCATALOG_COMPILER_GLOBAL_ACCENT_COLOR_NAME = AccentColor;
				CODE_SIGN_STYLE = Automatic;
				CURRENT_PROJECT_VERSION = 1;
				DEVELOPMENT_ASSET_PATHS = "\"SpeerTechAssessment/Preview Content\"";
				ENABLE_PREVIEWS = YES;
				GENERATE_INFOPLIST_FILE = YES;
				INFOPLIST_KEY_UIApplicationSceneManifest_Generation = YES;
				INFOPLIST_KEY_UIApplicationSupportsIndirectInputEvents = YES;
				INFOPLIST_KEY_UILaunchScreen_Generation = YES;
				INFOPLIST_KEY_UISupportedInterfaceOrientations_iPad = "UIInterfaceOrientationPortrait UIInterfaceOrientationPortraitUpsideDown UIInterfaceOrientationLandscapeLeft UIInterfaceOrientationLandscapeRight";
				INFOPLIST_KEY_UISupportedInterfaceOrientations_iPhone = "UIInterfaceOrientationPortrait UIInterfaceOrientationLandscapeLeft UIInterfaceOrientationLandscapeRight";
				LD_RUNPATH_SEARCH_PATHS = (
					"$(inherited)",
					"@executable_path/Frameworks",
				);
				MARKETING_VERSION = 1.0;
				PRODUCT_BUNDLE_IDENTIFIER = test.SpeerTechAssessment;
				PRODUCT_NAME = "$(TARGET_NAME)";
				SWIFT_EMIT_LOC_STRINGS = YES;
				SWIFT_VERSION = 5.0;
				TARGETED_DEVICE_FAMILY = "1,2";
			};
			name = Release;
		};
/* End XCBuildConfiguration section */

/* Begin XCConfigurationList section */
		3825142D2A2E77FC0021A242 /* Build configuration list for PBXProject "SpeerTechAssessment" */ = {
			isa = XCConfigurationList;
			buildConfigurations = (
				3825143E2A2E77FD0021A242 /* Debug */,
				3825143F2A2E77FD0021A242 /* Release */,
			);
			defaultConfigurationIsVisible = 0;
			defaultConfigurationName = Release;
		};
		382514402A2E77FD0021A242 /* Build configuration list for PBXNativeTarget "SpeerTechAssessment" */ = {
			isa = XCConfigurationList;
			buildConfigurations = (
				382514412A2E77FD0021A242 /* Debug */,
				382514422A2E77FD0021A242 /* Release */,
			);
			defaultConfigurationIsVisible = 0;
			defaultConfigurationName = Release;
		};
/* End XCConfigurationList section */
	};
	rootObject = 3825142A2A2E77FC0021A242 /* Project object */;
}
